
Microsoft Visual Studio Solution File, Format Version 12.00
# Visual Studio 15
Project("{FAE04EC0-301F-11D3-BF4B-00C04F79EFBC}") = "HashChecker", "HashChecker.csproj", "{4B490B51-A4F6-4EF1-B638-C01EA85BB580}"
EndProject
Project("{D954291E-2A0B-460D-934E-DC6B0785DB48}") = "KevinHelper", "..\KevinHelper\KevinHelper.shproj", "{BA199E36-6C69-4A14-A786-D27268D83FEB}"
EndProject
Global
	GlobalSection(SharedMSBuildProjectFiles) = preSolution
		..\KevinHelper\KevinHelper.projitems*{4b490b51-a4f6-4ef1-b638-c01ea85bb580}*SharedItemsImports = 4
		..\KevinHelper\KevinHelper.projitems*{ba199e36-6c69-4a14-a786-d27268d83feb}*SharedItemsImports = 13
	EndGlobalSection
	GlobalSection(SolutionConfigurationPlatforms) = preSolution
		Debug|Any CPU = Debug|Any CPU
		Release|Any CPU = Release|Any CPU
	EndGlobalSection
	GlobalSection(ProjectConfigurationPlatforms) = postSolution
		{4B490B51-A4F6-4EF1-B638-C01EA85BB580}.Debug|Any CPU.ActiveCfg = Debug|Any CPU
		{4B490B51-A4F6-4EF1-B638-C01EA85BB580}.Debug|Any CPU.Build.0 = Debug|Any CPU
		{4B490B51-A4F6-4EF1-B638-C01EA85BB580}.Release|Any CPU.ActiveCfg = Release|Any CPU
		{4B490B51-A4F6-4EF1-B638-C01EA85BB580}.Release|Any CPU.Build.0 = Release|Any CPU
	EndGlobalSection
	GlobalSection(SolutionProperties) = preSolution
		HideSolutionNode = FALSE
	EndGlobalSection
EndGlobal
